// !$*UTF8*$!
{
	archiveVersion = 1;
	classes = {
	};
	objectVersion = 46;
	objects = {

/* Begin PBXBuildFile section */
		DC03EBB41BCFC5EF00F9DD03 /* main.m in Sources */ = {isa = PBXBuildFile; fileRef = DC03EBB31BCFC5EF00F9DD03 /* main.m */; };
/* End PBXBuildFile section */

/* Begin PBXCopyFilesBuildPhase section */
		DC03EBAE1BCFC5EF00F9DD03 /* CopyFiles */ = {
			isa = PBXCopyFilesBuildPhase;
			buildActionMask = 2147483647;
			dstPath = /usr/share/man/man1/;
			dstSubfolderSpec = 0;
			files = (
			);
			runOnlyForDeploymentPostprocessing = 1;
		};
/* End PBXCopyFilesBuildPhase section */

/* Begin PBXFileReference section */
		DC03EBB01BCFC5EF00F9DD03 /* sort_bubble */ = {isa = PBXFileReference; explicitFileType = "compiled.mach-o.executable"; includeInIndex = 0; path = sort_bubble; sourceTree = BUILT_PRODUCTS_DIR; };
		DC03EBB31BCFC5EF00F9DD03 /* main.m */ = {isa = PBXFileReference; lastKnownFileType = sourcecode.c.objc; path = main.m; sourceTree = "<group>"; };
/* End PBXFileReference section */

/* Begin PBXFrameworksBuildPhase section */
		DC03EBAD1BCFC5EF00F9DD03 /* Frameworks */ = {
			isa = PBXFrameworksBuildPhase;
			buildActionMask = 2147483647;
			files = (
			);
			runOnlyForDeploymentPostprocessing = 0;
		};
/* End PBXFrameworksBuildPhase section */

/* Begin PBXGroup section */
		DC03EBA71BCFC5EF00F9DD03 = {
			isa = PBXGroup;
			children = (
				DC03EBB21BCFC5EF00F9DD03 /* sort_bubble */,
				DC03EBB11BCFC5EF00F9DD03 /* Products */,
			);
			sourceTree = "<group>";
		};
		DC03EBB11BCFC5EF00F9DD03 /* Products */ = {
			isa = PBXGroup;
			children = (
				DC03EBB01BCFC5EF00F9DD03 /* sort_bubble */,
			);
			name = Products;
			sourceTree = "<group>";
		};
		DC03EBB21BCFC5EF00F9DD03 /* sort_bubble */ = {
			isa = PBXGroup;
			children = (
				DC03EBB31BCFC5EF00F9DD03 /* main.m */,
			);
			path = sort_bubble;
			sourceTree = "<group>";
		};
/* End PBXGroup section */

/* Begin PBXNativeTarget section */
		DC03EBAF1BCFC5EF00F9DD03 /* sort_bubble */ = {
			isa = PBXNativeTarget;
			buildConfigurationList = DC03EBB71BCFC5EF00F9DD03 /* Build configuration list for PBXNativeTarget "sort_bubble" */;
			buildPhases = (
				DC03EBAC1BCFC5EF00F9DD03 /* Sources */,
				DC03EBAD1BCFC5EF00F9DD03 /* Frameworks */,
				DC03EBAE1BCFC5EF00F9DD03 /* CopyFiles */,
			);
			buildRules = (
			);
			dependencies = (
			);
			name = sort_bubble;
			productName = sort_bubble;
			productReference = DC03EBB01BCFC5EF00F9DD03 /* sort_bubble */;
			productType = "com.apple.product-type.tool";
		};
/* End PBXNativeTarget section */

/* Begin PBXProject section */
		DC03EBA81BCFC5EF00F9DD03 /* Project object */ = {
			isa = PBXProject;
			attributes = {
				LastUpgradeCheck = 0700;
				ORGANIZATIONNAME = pcSong;
				TargetAttributes = {
					DC03EBAF1BCFC5EF00F9DD03 = {
						CreatedOnToolsVersion = 7.0.1;
					};
				};
			};
			buildConfigurationList = DC03EBAB1BCFC5EF00F9DD03 /* Build configuration list for PBXProject "sort_bubble" */;
			compatibilityVersion = "Xcode 3.2";
			developmentRegion = English;
			hasScannedForEncodings = 0;
			knownRegions = (
				en,
			);
			mainGroup = DC03EBA71BCFC5EF00F9DD03;
			productRefGroup = DC03EBB11BCFC5EF00F9DD03 /* Products */;
			projectDirPath = "";
			projectRoot = "";
			targets = (
				DC03EBAF1BCFC5EF00F9DD03 /* sort_bubble */,
			);
		};
/* End PBXProject section */

/* Begin PBXSourcesBuildPhase section */
		DC03EBAC1BCFC5EF00F9DD03 /* Sources */ = {
			isa = PBXSourcesBuildPhase;
			buildActionMask = 2147483647;
			files = (
				DC03EBB41BCFC5EF00F9DD03 /* main.m in Sources */,
			);
			runOnlyForDeploymentPostprocessing = 0;
		};
/* End PBXSourcesBuildPhase section */

/* Begin XCBuildConfiguration section */
		DC03EBB51BCFC5EF00F9DD03 /* Debug */ = {
			isa = XCBuildConfiguration;
			buildSettings = {
				ALWAYS_SEARCH_USER_PATHS = NO;
				CLANG_CXX_LANGUAGE_STANDARD = "gnu++0x";
				CLANG_CXX_LIBRARY = "libc++";
				CLANG_ENABLE_MODULES = YES;
				CLANG_ENABLE_OBJC_ARC = YES;
				CLANG_WARN_BOOL_CONVERSION = YES;
				CLANG_WARN_CONSTANT_CONVERSION = YES;
				CLANG_WARN_DIRECT_OBJC_ISA_USAGE = YES_ERROR;
				CLANG_WARN_EMPTY_BODY = YES;
				CLANG_WARN_ENUM_CONVERSION = YES;
				CLANG_WARN_INT_CONVERSION = YES;
				CLANG_WARN_OBJC_ROOT_CLASS = YES_ERROR;
				CLANG_WARN_UNREACHABLE_CODE = YES;
				CLANG_WARN__DUPLICATE_METHOD_MATCH = YES;
				COPY_PHASE_STRIP = NO;
				DEBUG_INFORMATION_FORMAT = dwarf;
				ENABLE_STRICT_OBJC_MSGSEND = YES;
				ENABLE_TESTABILITY = YES;
				GCC_C_LANGUAGE_STANDARD = gnu99;
				GCC_DYNAMIC_NO_PIC = NO;
				GCC_NO_COMMON_BLOCKS = YES;
				GCC_OPTIMIZATION_LEVEL = 0;
				GCC_PREPROCESSOR_DEFINITIONS = (
					"DEBUG=1",
					"$(inherited)",
				);
				GCC_WARN_64_TO_32_BIT_CONVERSION = YES;
				GCC_WARN_ABOUT_RETURN_TYPE = YES_ERROR;
				GCC_WARN_UNDECLARED_SELECTOR = YES;
				GCC_WARN_UNINITIALIZED_AUTOS = YES_AGGRESSIVE;
				GCC_WARN_UNUSED_FUNCTION = YES;
				GCC_WARN_UNUSED_VARIABLE = YES;
				MACOSX_DEPLOYMENT_TARGET = 10.11;
				MTL_ENABLE_DEBUG_INFO = YES;
				ONLY_ACTIVE_ARCH = YES;
				SDKROOT = macosx;
			};
			name = Debug;
		};
		DC03EBB61BCFC5EF00F9DD03 /* Release */ = {
			isa = XCBuildConfiguration;
			buildSettings = {
				ALWAYS_SEARCH_USER_PATHS = NO;
				CLANG_CXX_LANGUAGE_STANDARD = "gnu++0x";
				CLANG_CXX_LIBRARY = "libc++";
				CLANG_ENABLE_MODULES = YES;
				CLANG_ENABLE_OBJC_ARC = YES;
				CLANG_WARN_BOOL_CONVERSION = YES;
				CLANG_WARN_CONSTANT_CONVERSION = YES;
				CLANG_WARN_DIRECT_OBJC_ISA_USAGE = YES_ERROR;
				CLANG_WARN_EMPTY_BODY = YES;
				CLANG_WARN_ENUM_CONVERSION = YES;
				CLANG_WARN_INT_CONVERSION = YES;
				CLANG_WARN_OBJC_ROOT_CLASS = YES_ERROR;
				CLANG_WARN_UNREACHABLE_CODE = YES;
				CLANG_WARN__DUPLICATE_METHOD_MATCH = YES;
				COPY_PHASE_STRIP = NO;
				DEBUG_INFORMATION_FORMAT = "dwarf-with-dsym";
				ENABLE_NS_ASSERTIONS = NO;
				ENABLE_STRICT_OBJC_MSGSEND = YES;
				GCC_C_LANGUAGE_STANDARD = gnu99;
				GCC_NO_COMMON_BLOCKS = YES;
				GCC_WARN_64_TO_32_BIT_CONVERSION = YES;
				GCC_WARN_ABOUT_RETURN_TYPE = YES_ERROR;
				GCC_WARN_UNDECLARED_SELECTOR = YES;
				GCC_WARN_UNINITIALIZED_AUTOS = YES_AGGRESSIVE;
				GCC_WARN_UNUSED_FUNCTION = YES;
				GCC_WARN_UNUSED_VARIABLE = YES;
				MACOSX_DEPLOYMENT_TARGET = 10.11;
				MTL_ENABLE_DEBUG_INFO = NO;
				SDKROOT = macosx;
			};
			name = Release;
		};
		DC03EBB81BCFC5EF00F9DD03 /* Debug */ = {
			isa = XCBuildConfiguration;
			buildSettings = {
				PRODUCT_NAME = "$(TARGET_NAME)";
			};
			name = Debug;
		};
		DC03EBB91BCFC5EF00F9DD03 /* Release */ = {
			isa = XCBuildConfiguration;
			buildSettings = {
				PRODUCT_NAME = "$(TARGET_NAME)";
			};
			name = Release;
		};
/* End XCBuildConfiguration section */

/* Begin XCConfigurationList section */
		DC03EBAB1BCFC5EF00F9DD03 /* Build configuration list for PBXProject "sort_bubble" */ = {
			isa = XCConfigurationList;
			buildConfigurations = (
				DC03EBB51BCFC5EF00F9DD03 /* Debug */,
				DC03EBB61BCFC5EF00F9DD03 /* Release */,
			);
			defaultConfigurationIsVisible = 0;
			defaultConfigurationName = Release;
		};
		DC03EBB71BCFC5EF00F9DD03 /* Build configuration list for PBXNativeTarget "sort_bubble" */ = {
			isa = XCConfigurationList;
			buildConfigurations = (
				DC03EBB81BCFC5EF00F9DD03 /* Debug */,
				DC03EBB91BCFC5EF00F9DD03 /* Release */,
			);
			defaultConfigurationIsVisible = 0;
		};
/* End XCConfigurationList section */
	};
	rootObject = DC03EBA81BCFC5EF00F9DD03 /* Project object */;
}
